
Microsoft Visual Studio Solution File, Format Version 12.00
# Visual Studio 14
VisualStudioVersion = 14.0.23107.0
MinimumVisualStudioVersion = 10.0.40219.1
Project("{FAE04EC0-301F-11D3-BF4B-00C04F79EFBC}") = "Ghostice.ApplicationKit.Client", "src\Client\Ghostice.ApplicationKit.Client\Ghostice.ApplicationKit.Client.csproj", "{B427F93D-C9B4-47A8-A21C-9A9E0904D85D}"
EndProject
Project("{FAE04EC0-301F-11D3-BF4B-00C04F79EFBC}") = "Ghostice.Core", "src\Core\Ghostice.Core\Ghostice.Core.csproj", "{F70D5565-16BD-4132-B072-7D6920E9F92D}"
EndProject
Project("{FAE04EC0-301F-11D3-BF4B-00C04F79EFBC}") = "Ghostice.ApplicationKit.UnitTests", "src\UnitTest\Ghostice.ApplicationKit.UnitTests\Ghostice.ApplicationKit.UnitTests.csproj", "{88458497-503F-4C38-95FA-DEF32BAF1F1C}"
EndProject
Project("{FAE04EC0-301F-11D3-BF4B-00C04F79EFBC}") = "Ghostice.Core.Extensions", "src\Core\Ghostice.Core.Extensions\Ghostice.Core.Extensions.csproj", "{B7B29504-95AC-4405-8A4B-3DD6C7CDE6DB}"
EndProject
Project("{FAE04EC0-301F-11D3-BF4B-00C04F79EFBC}") = "Ghostice.ApplicationKit.Example.Models", "src\UnitTest\Ghostice.ApplicationKit.Example.Models\Ghostice.ApplicationKit.Example.Models.csproj", "{85D9689F-6170-4EBA-B666-7423EC307AEC}"
EndProject
Project("{FAE04EC0-301F-11D3-BF4B-00C04F79EFBC}") = "Ghostice.ApplicationKit.Inspector", "src\Utilities\Ghostice.ApplicationKit.Inspector\Ghostice.ApplicationKit.Inspector.csproj", "{EBED1760-B67E-4E19-9354-E3A8590A84DC}"
EndProject
Project("{2150E333-8FDC-42A3-9474-1A3956D46DE8}") = "Solution Items", "Solution Items", "{02C2683E-2EED-474B-B2DE-CCE70243DB9C}"
	ProjectSection(SolutionItems) = preProject
		src\ServerTest\Ghostice.ApplicationKit.Rpc.xml = src\ServerTest\Ghostice.ApplicationKit.Rpc.xml
	EndProjectSection
EndProject
Project("{FAE04EC0-301F-11D3-BF4B-00C04F79EFBC}") = "AustinHarris.JsonRpc.Client", "src\ThirdParty\AustinHarris.JsonRpc.Client\AustinHarris.JsonRpc.Client.csproj", "{03FF12D9-6027-4050-81AC-A90B0EA8F8EB}"
EndProject
Project("{FAE04EC0-301F-11D3-BF4B-00C04F79EFBC}") = "Ghostice.ApplicationKit.Server.Console", "src\Server\Ghostice.ApplicationKit.Server.Console\Ghostice.ApplicationKit.Server.Console.csproj", "{A685561C-E5FA-4C1E-9F9E-2F84B0238C00}"
EndProject
Project("{FAE04EC0-301F-11D3-BF4B-00C04F79EFBC}") = "Ghostice.Framework", "src\Client\Ghostice.Framework\Ghostice.Framework.csproj", "{8A1A7B7C-78DB-45FD-8D46-1533000A1445}"
EndProject
Project("{FAE04EC0-301F-11D3-BF4B-00C04F79EFBC}") = "Ghostice.Core.Server", "src\Core\Ghostice.Core.Server\Ghostice.Core.Server.csproj", "{F2D8C7FF-4265-4F5D-A8F3-86B14960EA55}"
EndProject
Project("{FAE04EC0-301F-11D3-BF4B-00C04F79EFBC}") = "Ghostice.ApplicationKit.Server.Gui", "src\Server\Ghostice.ApplicationKit.Server.Gui\Ghostice.ApplicationKit.Server.Gui.csproj", "{B1044C06-9F10-4C0B-86E7-746D374564A9}"
EndProject
Global
	GlobalSection(SolutionConfigurationPlatforms) = preSolution
		Debug|Any CPU = Debug|Any CPU
		Debug|Mixed Platforms = Debug|Mixed Platforms
		Debug|x86 = Debug|x86
		Release|Any CPU = Release|Any CPU
		Release|Mixed Platforms = Release|Mixed Platforms
		Release|x86 = Release|x86
		WindowsPhone|Any CPU = WindowsPhone|Any CPU
		WindowsPhone|Mixed Platforms = WindowsPhone|Mixed Platforms
		WindowsPhone|x86 = WindowsPhone|x86
	EndGlobalSection
	GlobalSection(ProjectConfigurationPlatforms) = postSolution
		{B427F93D-C9B4-47A8-A21C-9A9E0904D85D}.Debug|Any CPU.ActiveCfg = Debug|x86
		{B427F93D-C9B4-47A8-A21C-9A9E0904D85D}.Debug|Any CPU.Build.0 = Debug|x86
		{B427F93D-C9B4-47A8-A21C-9A9E0904D85D}.Debug|Mixed Platforms.ActiveCfg = Debug|x86
		{B427F93D-C9B4-47A8-A21C-9A9E0904D85D}.Debug|Mixed Platforms.Build.0 = Debug|x86
		{B427F93D-C9B4-47A8-A21C-9A9E0904D85D}.Debug|x86.ActiveCfg = Debug|x86
		{B427F93D-C9B4-47A8-A21C-9A9E0904D85D}.Debug|x86.Build.0 = Debug|x86
		{B427F93D-C9B4-47A8-A21C-9A9E0904D85D}.Release|Any CPU.ActiveCfg = Release|Any CPU
		{B427F93D-C9B4-47A8-A21C-9A9E0904D85D}.Release|Any CPU.Build.0 = Release|Any CPU
		{B427F93D-C9B4-47A8-A21C-9A9E0904D85D}.Release|Mixed Platforms.ActiveCfg = Release|x86
		{B427F93D-C9B4-47A8-A21C-9A9E0904D85D}.Release|Mixed Platforms.Build.0 = Release|x86
		{B427F93D-C9B4-47A8-A21C-9A9E0904D85D}.Release|x86.ActiveCfg = Release|Any CPU
		{B427F93D-C9B4-47A8-A21C-9A9E0904D85D}.WindowsPhone|Any CPU.ActiveCfg = Release|Any CPU
		{B427F93D-C9B4-47A8-A21C-9A9E0904D85D}.WindowsPhone|Any CPU.Build.0 = Release|Any CPU
		{B427F93D-C9B4-47A8-A21C-9A9E0904D85D}.WindowsPhone|Mixed Platforms.ActiveCfg = Release|x86
		{B427F93D-C9B4-47A8-A21C-9A9E0904D85D}.WindowsPhone|Mixed Platforms.Build.0 = Release|x86
		{B427F93D-C9B4-47A8-A21C-9A9E0904D85D}.WindowsPhone|x86.ActiveCfg = Release|Any CPU
		{F70D5565-16BD-4132-B072-7D6920E9F92D}.Debug|Any CPU.ActiveCfg = Debug|x86
		{F70D5565-16BD-4132-B072-7D6920E9F92D}.Debug|Any CPU.Build.0 = Debug|x86
		{F70D5565-16BD-4132-B072-7D6920E9F92D}.Debug|Mixed Platforms.ActiveCfg = Debug|x86
		{F70D5565-16BD-4132-B072-7D6920E9F92D}.Debug|Mixed Platforms.Build.0 = Debug|x86
		{F70D5565-16BD-4132-B072-7D6920E9F92D}.Debug|x86.ActiveCfg = Debug|x86
		{F70D5565-16BD-4132-B072-7D6920E9F92D}.Debug|x86.Build.0 = Debug|x86
		{F70D5565-16BD-4132-B072-7D6920E9F92D}.Release|Any CPU.ActiveCfg = Release|Any CPU
		{F70D5565-16BD-4132-B072-7D6920E9F92D}.Release|Any CPU.Build.0 = Release|Any CPU
		{F70D5565-16BD-4132-B072-7D6920E9F92D}.Release|Mixed Platforms.ActiveCfg = Release|x86
		{F70D5565-16BD-4132-B072-7D6920E9F92D}.Release|Mixed Platforms.Build.0 = Release|x86
		{F70D5565-16BD-4132-B072-7D6920E9F92D}.Release|x86.ActiveCfg = Release|Any CPU
		{F70D5565-16BD-4132-B072-7D6920E9F92D}.WindowsPhone|Any CPU.ActiveCfg = Release|Any CPU
		{F70D5565-16BD-4132-B072-7D6920E9F92D}.WindowsPhone|Any CPU.Build.0 = Release|Any CPU
		{F70D5565-16BD-4132-B072-7D6920E9F92D}.WindowsPhone|Mixed Platforms.ActiveCfg = Release|x86
		{F70D5565-16BD-4132-B072-7D6920E9F92D}.WindowsPhone|Mixed Platforms.Build.0 = Release|x86
		{F70D5565-16BD-4132-B072-7D6920E9F92D}.WindowsPhone|x86.ActiveCfg = Release|Any CPU
		{88458497-503F-4C38-95FA-DEF32BAF1F1C}.Debug|Any CPU.ActiveCfg = Debug|x86
		{88458497-503F-4C38-95FA-DEF32BAF1F1C}.Debug|Any CPU.Build.0 = Debug|x86
		{88458497-503F-4C38-95FA-DEF32BAF1F1C}.Debug|Mixed Platforms.ActiveCfg = Debug|x86
		{88458497-503F-4C38-95FA-DEF32BAF1F1C}.Debug|Mixed Platforms.Build.0 = Debug|x86
		{88458497-503F-4C38-95FA-DEF32BAF1F1C}.Debug|x86.ActiveCfg = Debug|x86
		{88458497-503F-4C38-95FA-DEF32BAF1F1C}.Debug|x86.Build.0 = Debug|x86
		{88458497-503F-4C38-95FA-DEF32BAF1F1C}.Release|Any CPU.ActiveCfg = Release|Any CPU
		{88458497-503F-4C38-95FA-DEF32BAF1F1C}.Release|Any CPU.Build.0 = Release|Any CPU
		{88458497-503F-4C38-95FA-DEF32BAF1F1C}.Release|Mixed Platforms.ActiveCfg = Release|x86
		{88458497-503F-4C38-95FA-DEF32BAF1F1C}.Release|Mixed Platforms.Build.0 = Release|x86
		{88458497-503F-4C38-95FA-DEF32BAF1F1C}.Release|x86.ActiveCfg = Release|Any CPU
		{88458497-503F-4C38-95FA-DEF32BAF1F1C}.WindowsPhone|Any CPU.ActiveCfg = Release|Any CPU
		{88458497-503F-4C38-95FA-DEF32BAF1F1C}.WindowsPhone|Any CPU.Build.0 = Release|Any CPU
		{88458497-503F-4C38-95FA-DEF32BAF1F1C}.WindowsPhone|Mixed Platforms.ActiveCfg = Release|x86
		{88458497-503F-4C38-95FA-DEF32BAF1F1C}.WindowsPhone|Mixed Platforms.Build.0 = Release|x86
		{88458497-503F-4C38-95FA-DEF32BAF1F1C}.WindowsPhone|x86.ActiveCfg = Release|Any CPU
		{B7B29504-95AC-4405-8A4B-3DD6C7CDE6DB}.Debug|Any CPU.ActiveCfg = Debug|x86
		{B7B29504-95AC-4405-8A4B-3DD6C7CDE6DB}.Debug|Any CPU.Build.0 = Debug|x86
		{B7B29504-95AC-4405-8A4B-3DD6C7CDE6DB}.Debug|Mixed Platforms.ActiveCfg = Debug|x86
		{B7B29504-95AC-4405-8A4B-3DD6C7CDE6DB}.Debug|Mixed Platforms.Build.0 = Debug|x86
		{B7B29504-95AC-4405-8A4B-3DD6C7CDE6DB}.Debug|x86.ActiveCfg = Debug|x86
		{B7B29504-95AC-4405-8A4B-3DD6C7CDE6DB}.Debug|x86.Build.0 = Debug|x86
		{B7B29504-95AC-4405-8A4B-3DD6C7CDE6DB}.Release|Any CPU.ActiveCfg = Release|Any CPU
		{B7B29504-95AC-4405-8A4B-3DD6C7CDE6DB}.Release|Any CPU.Build.0 = Release|Any CPU
		{B7B29504-95AC-4405-8A4B-3DD6C7CDE6DB}.Release|Mixed Platforms.ActiveCfg = Release|x86
		{B7B29504-95AC-4405-8A4B-3DD6C7CDE6DB}.Release|Mixed Platforms.Build.0 = Release|x86
		{B7B29504-95AC-4405-8A4B-3DD6C7CDE6DB}.Release|x86.ActiveCfg = Release|Any CPU
		{B7B29504-95AC-4405-8A4B-3DD6C7CDE6DB}.WindowsPhone|Any CPU.ActiveCfg = Release|Any CPU
		{B7B29504-95AC-4405-8A4B-3DD6C7CDE6DB}.WindowsPhone|Any CPU.Build.0 = Release|Any CPU
		{B7B29504-95AC-4405-8A4B-3DD6C7CDE6DB}.WindowsPhone|Mixed Platforms.ActiveCfg = Release|x86
		{B7B29504-95AC-4405-8A4B-3DD6C7CDE6DB}.WindowsPhone|Mixed Platforms.Build.0 = Release|x86
		{B7B29504-95AC-4405-8A4B-3DD6C7CDE6DB}.WindowsPhone|x86.ActiveCfg = Release|Any CPU
		{85D9689F-6170-4EBA-B666-7423EC307AEC}.Debug|Any CPU.ActiveCfg = Debug|x86
		{85D9689F-6170-4EBA-B666-7423EC307AEC}.Debug|Any CPU.Build.0 = Debug|x86
		{85D9689F-6170-4EBA-B666-7423EC307AEC}.Debug|Mixed Platforms.ActiveCfg = Debug|x86
		{85D9689F-6170-4EBA-B666-7423EC307AEC}.Debug|Mixed Platforms.Build.0 = Debug|x86
		{85D9689F-6170-4EBA-B666-7423EC307AEC}.Debug|x86.ActiveCfg = Debug|x86
		{85D9689F-6170-4EBA-B666-7423EC307AEC}.Debug|x86.Build.0 = Debug|x86
		{85D9689F-6170-4EBA-B666-7423EC307AEC}.Release|Any CPU.ActiveCfg = Release|Any CPU
		{85D9689F-6170-4EBA-B666-7423EC307AEC}.Release|Any CPU.Build.0 = Release|Any CPU
		{85D9689F-6170-4EBA-B666-7423EC307AEC}.Release|Mixed Platforms.ActiveCfg = Release|x86
		{85D9689F-6170-4EBA-B666-7423EC307AEC}.Release|Mixed Platforms.Build.0 = Release|x86
		{85D9689F-6170-4EBA-B666-7423EC307AEC}.Release|x86.ActiveCfg = Release|Any CPU
		{85D9689F-6170-4EBA-B666-7423EC307AEC}.WindowsPhone|Any CPU.ActiveCfg = Release|Any CPU
		{85D9689F-6170-4EBA-B666-7423EC307AEC}.WindowsPhone|Any CPU.Build.0 = Release|Any CPU
		{85D9689F-6170-4EBA-B666-7423EC307AEC}.WindowsPhone|Mixed Platforms.ActiveCfg = Release|x86
		{85D9689F-6170-4EBA-B666-7423EC307AEC}.WindowsPhone|Mixed Platforms.Build.0 = Release|x86
		{85D9689F-6170-4EBA-B666-7423EC307AEC}.WindowsPhone|x86.ActiveCfg = Release|Any CPU
		{EBED1760-B67E-4E19-9354-E3A8590A84DC}.Debug|Any CPU.ActiveCfg = Debug|x86
		{EBED1760-B67E-4E19-9354-E3A8590A84DC}.Debug|Any CPU.Build.0 = Debug|x86
		{EBED1760-B67E-4E19-9354-E3A8590A84DC}.Debug|Mixed Platforms.ActiveCfg = Debug|x86
		{EBED1760-B67E-4E19-9354-E3A8590A84DC}.Debug|Mixed Platforms.Build.0 = Debug|x86
		{EBED1760-B67E-4E19-9354-E3A8590A84DC}.Debug|x86.ActiveCfg = Debug|x86
		{EBED1760-B67E-4E19-9354-E3A8590A84DC}.Release|Any CPU.ActiveCfg = Release|Any CPU
		{EBED1760-B67E-4E19-9354-E3A8590A84DC}.Release|Any CPU.Build.0 = Release|Any CPU
		{EBED1760-B67E-4E19-9354-E3A8590A84DC}.Release|Mixed Platforms.ActiveCfg = Release|x86
		{EBED1760-B67E-4E19-9354-E3A8590A84DC}.Release|Mixed Platforms.Build.0 = Release|x86
		{EBED1760-B67E-4E19-9354-E3A8590A84DC}.Release|x86.ActiveCfg = Release|Any CPU
		{EBED1760-B67E-4E19-9354-E3A8590A84DC}.WindowsPhone|Any CPU.ActiveCfg = Release|Any CPU
		{EBED1760-B67E-4E19-9354-E3A8590A84DC}.WindowsPhone|Any CPU.Build.0 = Release|Any CPU
		{EBED1760-B67E-4E19-9354-E3A8590A84DC}.WindowsPhone|Mixed Platforms.ActiveCfg = Release|x86
		{EBED1760-B67E-4E19-9354-E3A8590A84DC}.WindowsPhone|Mixed Platforms.Build.0 = Release|x86
		{EBED1760-B67E-4E19-9354-E3A8590A84DC}.WindowsPhone|x86.ActiveCfg = Release|Any CPU
		{03FF12D9-6027-4050-81AC-A90B0EA8F8EB}.Debug|Any CPU.ActiveCfg = Debug|Any CPU
		{03FF12D9-6027-4050-81AC-A90B0EA8F8EB}.Debug|Any CPU.Build.0 = Debug|Any CPU
		{03FF12D9-6027-4050-81AC-A90B0EA8F8EB}.Debug|Mixed Platforms.ActiveCfg = Debug|Any CPU
		{03FF12D9-6027-4050-81AC-A90B0EA8F8EB}.Debug|Mixed Platforms.Build.0 = Debug|Any CPU
		{03FF12D9-6027-4050-81AC-A90B0EA8F8EB}.Debug|x86.ActiveCfg = Debug|x86
		{03FF12D9-6027-4050-81AC-A90B0EA8F8EB}.Debug|x86.Build.0 = Debug|x86
		{03FF12D9-6027-4050-81AC-A90B0EA8F8EB}.Release|Any CPU.ActiveCfg = Release|Any CPU
		{03FF12D9-6027-4050-81AC-A90B0EA8F8EB}.Release|Any CPU.Build.0 = Release|Any CPU
		{03FF12D9-6027-4050-81AC-A90B0EA8F8EB}.Release|Mixed Platforms.ActiveCfg = Release|Any CPU
		{03FF12D9-6027-4050-81AC-A90B0EA8F8EB}.Release|Mixed Platforms.Build.0 = Release|Any CPU
		{03FF12D9-6027-4050-81AC-A90B0EA8F8EB}.Release|x86.ActiveCfg = Release|Any CPU
		{03FF12D9-6027-4050-81AC-A90B0EA8F8EB}.WindowsPhone|Any CPU.ActiveCfg = WindowsPhone|Any CPU
		{03FF12D9-6027-4050-81AC-A90B0EA8F8EB}.WindowsPhone|Any CPU.Build.0 = WindowsPhone|Any CPU
		{03FF12D9-6027-4050-81AC-A90B0EA8F8EB}.WindowsPhone|Mixed Platforms.ActiveCfg = WindowsPhone|Any CPU
		{03FF12D9-6027-4050-81AC-A90B0EA8F8EB}.WindowsPhone|Mixed Platforms.Build.0 = WindowsPhone|Any CPU
		{03FF12D9-6027-4050-81AC-A90B0EA8F8EB}.WindowsPhone|x86.ActiveCfg = WindowsPhone|Any CPU
		{A685561C-E5FA-4C1E-9F9E-2F84B0238C00}.Debug|Any CPU.ActiveCfg = Debug|Any CPU
		{A685561C-E5FA-4C1E-9F9E-2F84B0238C00}.Debug|Any CPU.Build.0 = Debug|Any CPU
		{A685561C-E5FA-4C1E-9F9E-2F84B0238C00}.Debug|Mixed Platforms.ActiveCfg = Debug|Any CPU
		{A685561C-E5FA-4C1E-9F9E-2F84B0238C00}.Debug|Mixed Platforms.Build.0 = Debug|Any CPU
		{A685561C-E5FA-4C1E-9F9E-2F84B0238C00}.Debug|x86.ActiveCfg = Debug|x86
		{A685561C-E5FA-4C1E-9F9E-2F84B0238C00}.Debug|x86.Build.0 = Debug|x86
		{A685561C-E5FA-4C1E-9F9E-2F84B0238C00}.Release|Any CPU.ActiveCfg = Release|Any CPU
		{A685561C-E5FA-4C1E-9F9E-2F84B0238C00}.Release|Any CPU.Build.0 = Release|Any CPU
		{A685561C-E5FA-4C1E-9F9E-2F84B0238C00}.Release|Mixed Platforms.ActiveCfg = Release|Any CPU
		{A685561C-E5FA-4C1E-9F9E-2F84B0238C00}.Release|Mixed Platforms.Build.0 = Release|Any CPU
		{A685561C-E5FA-4C1E-9F9E-2F84B0238C00}.Release|x86.ActiveCfg = Release|Any CPU
		{A685561C-E5FA-4C1E-9F9E-2F84B0238C00}.WindowsPhone|Any CPU.ActiveCfg = Release|Any CPU
		{A685561C-E5FA-4C1E-9F9E-2F84B0238C00}.WindowsPhone|Any CPU.Build.0 = Release|Any CPU
		{A685561C-E5FA-4C1E-9F9E-2F84B0238C00}.WindowsPhone|Mixed Platforms.ActiveCfg = Release|Any CPU
		{A685561C-E5FA-4C1E-9F9E-2F84B0238C00}.WindowsPhone|Mixed Platforms.Build.0 = Release|Any CPU
		{A685561C-E5FA-4C1E-9F9E-2F84B0238C00}.WindowsPhone|x86.ActiveCfg = Release|Any CPU
		{8A1A7B7C-78DB-45FD-8D46-1533000A1445}.Debug|Any CPU.ActiveCfg = Debug|Any CPU
		{8A1A7B7C-78DB-45FD-8D46-1533000A1445}.Debug|Any CPU.Build.0 = Debug|Any CPU
		{8A1A7B7C-78DB-45FD-8D46-1533000A1445}.Debug|Mixed Platforms.ActiveCfg = Debug|x86
		{8A1A7B7C-78DB-45FD-8D46-1533000A1445}.Debug|Mixed Platforms.Build.0 = Debug|x86
		{8A1A7B7C-78DB-45FD-8D46-1533000A1445}.Debug|x86.ActiveCfg = Debug|x86
		{8A1A7B7C-78DB-45FD-8D46-1533000A1445}.Debug|x86.Build.0 = Debug|x86
		{8A1A7B7C-78DB-45FD-8D46-1533000A1445}.Release|Any CPU.ActiveCfg = Release|Any CPU
		{8A1A7B7C-78DB-45FD-8D46-1533000A1445}.Release|Any CPU.Build.0 = Release|Any CPU
		{8A1A7B7C-78DB-45FD-8D46-1533000A1445}.Release|Mixed Platforms.ActiveCfg = Release|x86
		{8A1A7B7C-78DB-45FD-8D46-1533000A1445}.Release|Mixed Platforms.Build.0 = Release|x86
		{8A1A7B7C-78DB-45FD-8D46-1533000A1445}.Release|x86.ActiveCfg = Release|x86
		{8A1A7B7C-78DB-45FD-8D46-1533000A1445}.Release|x86.Build.0 = Release|x86
		{8A1A7B7C-78DB-45FD-8D46-1533000A1445}.WindowsPhone|Any CPU.ActiveCfg = Release|Any CPU
		{8A1A7B7C-78DB-45FD-8D46-1533000A1445}.WindowsPhone|Any CPU.Build.0 = Release|Any CPU
		{8A1A7B7C-78DB-45FD-8D46-1533000A1445}.WindowsPhone|Mixed Platforms.ActiveCfg = Release|x86
		{8A1A7B7C-78DB-45FD-8D46-1533000A1445}.WindowsPhone|Mixed Platforms.Build.0 = Release|x86
		{8A1A7B7C-78DB-45FD-8D46-1533000A1445}.WindowsPhone|x86.ActiveCfg = Release|x86
		{8A1A7B7C-78DB-45FD-8D46-1533000A1445}.WindowsPhone|x86.Build.0 = Release|x86
		{F2D8C7FF-4265-4F5D-A8F3-86B14960EA55}.Debug|Any CPU.ActiveCfg = Debug|Any CPU
		{F2D8C7FF-4265-4F5D-A8F3-86B14960EA55}.Debug|Any CPU.Build.0 = Debug|Any CPU
		{F2D8C7FF-4265-4F5D-A8F3-86B14960EA55}.Debug|Mixed Platforms.ActiveCfg = Debug|Any CPU
		{F2D8C7FF-4265-4F5D-A8F3-86B14960EA55}.Debug|Mixed Platforms.Build.0 = Debug|Any CPU
		{F2D8C7FF-4265-4F5D-A8F3-86B14960EA55}.Debug|x86.ActiveCfg = Debug|x86
		{F2D8C7FF-4265-4F5D-A8F3-86B14960EA55}.Debug|x86.Build.0 = Debug|x86
		{F2D8C7FF-4265-4F5D-A8F3-86B14960EA55}.Release|Any CPU.ActiveCfg = Release|Any CPU
		{F2D8C7FF-4265-4F5D-A8F3-86B14960EA55}.Release|Any CPU.Build.0 = Release|Any CPU
		{F2D8C7FF-4265-4F5D-A8F3-86B14960EA55}.Release|Mixed Platforms.ActiveCfg = Release|Any CPU
		{F2D8C7FF-4265-4F5D-A8F3-86B14960EA55}.Release|Mixed Platforms.Build.0 = Release|Any CPU
		{F2D8C7FF-4265-4F5D-A8F3-86B14960EA55}.Release|x86.ActiveCfg = Release|Any CPU
		{F2D8C7FF-4265-4F5D-A8F3-86B14960EA55}.WindowsPhone|Any CPU.ActiveCfg = Release|Any CPU
		{F2D8C7FF-4265-4F5D-A8F3-86B14960EA55}.WindowsPhone|Any CPU.Build.0 = Release|Any CPU
		{F2D8C7FF-4265-4F5D-A8F3-86B14960EA55}.WindowsPhone|Mixed Platforms.ActiveCfg = Release|Any CPU
		{F2D8C7FF-4265-4F5D-A8F3-86B14960EA55}.WindowsPhone|Mixed Platforms.Build.0 = Release|Any CPU
		{F2D8C7FF-4265-4F5D-A8F3-86B14960EA55}.WindowsPhone|x86.ActiveCfg = Release|Any CPU
		{B1044C06-9F10-4C0B-86E7-746D374564A9}.Debug|Any CPU.ActiveCfg = Debug|Any CPU
		{B1044C06-9F10-4C0B-86E7-746D374564A9}.Debug|Any CPU.Build.0 = Debug|Any CPU
		{B1044C06-9F10-4C0B-86E7-746D374564A9}.Debug|Mixed Platforms.ActiveCfg = Debug|x86
		{B1044C06-9F10-4C0B-86E7-746D374564A9}.Debug|Mixed Platforms.Build.0 = Debug|x86
		{B1044C06-9F10-4C0B-86E7-746D374564A9}.Debug|x86.ActiveCfg = Debug|x86
		{B1044C06-9F10-4C0B-86E7-746D374564A9}.Debug|x86.Build.0 = Debug|x86
		{B1044C06-9F10-4C0B-86E7-746D374564A9}.Release|Any CPU.ActiveCfg = Release|Any CPU
		{B1044C06-9F10-4C0B-86E7-746D374564A9}.Release|Any CPU.Build.0 = Release|Any CPU
		{B1044C06-9F10-4C0B-86E7-746D374564A9}.Release|Mixed Platforms.ActiveCfg = Release|x86
		{B1044C06-9F10-4C0B-86E7-746D374564A9}.Release|Mixed Platforms.Build.0 = Release|x86
		{B1044C06-9F10-4C0B-86E7-746D374564A9}.Release|x86.ActiveCfg = Release|x86
		{B1044C06-9F10-4C0B-86E7-746D374564A9}.Release|x86.Build.0 = Release|x86
		{B1044C06-9F10-4C0B-86E7-746D374564A9}.WindowsPhone|Any CPU.ActiveCfg = Release|Any CPU
		{B1044C06-9F10-4C0B-86E7-746D374564A9}.WindowsPhone|Any CPU.Build.0 = Release|Any CPU
		{B1044C06-9F10-4C0B-86E7-746D374564A9}.WindowsPhone|Mixed Platforms.ActiveCfg = Release|x86
		{B1044C06-9F10-4C0B-86E7-746D374564A9}.WindowsPhone|Mixed Platforms.Build.0 = Release|x86
		{B1044C06-9F10-4C0B-86E7-746D374564A9}.WindowsPhone|x86.ActiveCfg = Release|x86
		{B1044C06-9F10-4C0B-86E7-746D374564A9}.WindowsPhone|x86.Build.0 = Release|x86
	EndGlobalSection
	GlobalSection(SolutionProperties) = preSolution
		HideSolutionNode = FALSE
	EndGlobalSection
EndGlobal
